<?xml version="1.0" encoding="utf-8"?>
<Project ToolsVersion="4.0" xmlns="http://schemas.microsoft.com/developer/msbuild/2003">
  <ItemGroup>
    <Filter Include="Source Files">
      <UniqueIdentifier>{4FC737F1-C7A5-4376-A066-2A32D752A2FF}</UniqueIdentifier>
      <Extensions>cpp;c;cc;cxx;c++;cppm;ixx;def;odl;idl;hpj;bat;asm;asmx</Extensions>
    </Filter>
    <Filter Include="Header Files">
      <UniqueIdentifier>{93995380-89BD-4b04-88EB-625FBE52EBFB}</UniqueIdentifier>
      <Extensions>h;hh;hpp;hxx;h++;hm;inl;inc;ipp;xsd</Extensions>
    </Filter>
    <Filter Include="Resource Files">
      <UniqueIdentifier>{67DA6AB6-F800-4c08-8B7A-83BB121AAD01}</UniqueIdentifier>
      <Extensions>rc;ico;cur;bmp;dlg;rc2;rct;bin;rgs;gif;jpg;jpeg;jpe;resx;tiff;tif;png;wav;mfcribbon-ms</Extensions>
    </Filter>
  </ItemGroup>
  <ItemGroup>
    <ClInclude Include="Helper\public\Vec2.h">
      <Filter>Header Files</Filter>
    </ClInclude>
    <ClInclude Include="Helper\public\Random.h">
      <Filter>Header Files</Filter>
    </ClInclude>
    <ClInclude Include="Game\public\SpaceObject.h">
      <Filter>Header Files</Filter>
    </ClInclude>
    <ClInclude Include="Game\public\GroupTarget.h">
      <Filter>Header Files</Filter>
    </ClInclude>
    <ClInclude Include="Game\public\Fleet.h">
      <Filter>Header Files</Filter>
    </ClInclude>
    <ClInclude Include="Game\public\Player.h">
      <Filter>Header Files</Filter>
    </ClInclude>
    <ClInclude Include="Game\public\GameManager.h">
      <Filter>Header Files</Filter>
    </ClInclude>
    <ClInclude Include="Game\public\PlayerType.h">
      <Filter>Header Files</Filter>
    </ClInclude>
    <ClInclude Include="Game\public\Galaxy.h">
      <Filter>Header Files</Filter>
    </ClInclude>
    <ClInclude Include="Game\public\Planet.h">
      <Filter>Header Files</Filter>
    </ClInclude>
    <ClInclude Include="UI\btn\public\Button.h">
      <Filter>Header Files</Filter>
    </ClInclude>
    <ClInclude Include="UI\public\UIElement.h">
      <Filter>Header Files</Filter>
    </ClInclude>
    <ClInclude Include="UI\public\UIManager.h">
      <Filter>Header Files</Filter>
    </ClInclude>
    <ClInclude Include="UI\public\SoundManager.h">
      <Filter>Header Files</Filter>
    </ClInclude>
    <ClInclude Include="UI\public\SoundType.h">
      <Filter>Header Files</Filter>
    </ClInclude>
    <ClInclude Include="Events\public\MainEvent.h">
      <Filter>Header Files</Filter>
    </ClInclude>
    <ClInclude Include="Events\public\EventManager.h">
      <Filter>Header Files</Filter>
    </ClInclude>
    <ClInclude Include="Events\public\Events.h">
      <Filter>Header Files</Filter>
    </ClInclude>
    <ClInclude Include="Events\public\EventListener.h">
      <Filter>Header Files</Filter>
    </ClInclude>
    <ClInclude Include="_public\AppContext.h">
      <Filter>Header Files</Filter>
    </ClInclude>
    <ClInclude Include="UI\public\Slider.h">
      <Filter>Header Files</Filter>
    </ClInclude>
    <ClInclude Include="UI\public\AssetManager.h">
      <Filter>Header Files</Filter>
    </ClInclude>
    <ClInclude Include="UI\public\AssetType.h">
      <Filter>Header Files</Filter>
    </ClInclude>
    <ClInclude Include="UI\btn\public\SliderButton.h">
      <Filter>Header Files</Filter>
    </ClInclude>
    <ClInclude Include="UI\public\Focusable.h">
      <Filter>Header Files</Filter>
    </ClInclude>
    <ClInclude Include="UI\public\Focus.h">
      <Filter>Header Files</Filter>
    </ClInclude>
    <ClInclude Include="UI\btn\public\ClassicButton.h">
      <Filter>Header Files</Filter>
    </ClInclude>
  </ItemGroup>
  <ItemGroup>
    <ClCompile Include="Helper\private\Random.cpp">
      <Filter>Source Files</Filter>
    </ClCompile>
    <ClCompile Include="_private\Main.cpp">
      <Filter>Source Files</Filter>
    </ClCompile>
    <ClCompile Include="Game\private\SpaceObject.cpp">
      <Filter>Source Files</Filter>
    </ClCompile>
    <ClCompile Include="Game\private\GroupTarget.cpp">
      <Filter>Source Files</Filter>
    </ClCompile>
    <ClCompile Include="Game\private\Fleet.cpp">
      <Filter>Source Files</Filter>
    </ClCompile>
    <ClCompile Include="Game\private\Player.cpp">
      <Filter>Source Files</Filter>
    </ClCompile>
    <ClCompile Include="Game\private\GameManager.cpp">
      <Filter>Source Files</Filter>
    </ClCompile>
    <ClCompile Include="Game\private\Galaxy.cpp">
      <Filter>Source Files</Filter>
    </ClCompile>
    <ClCompile Include="Game\private\Planet.cpp">
      <Filter>Source Files</Filter>
    </ClCompile>
    <ClCompile Include="UI\btn\private\Button.cpp">
      <Filter>Source Files</Filter>
    </ClCompile>
    <ClCompile Include="UI\private\UIManager.cpp">
      <Filter>Source Files</Filter>
    </ClCompile>
    <ClCompile Include="UI\private\SoundManager.cpp">
      <Filter>Source Files</Filter>
    </ClCompile>
    <ClCompile Include="UI\private\Slider.cpp">
      <Filter>Source Files</Filter>
    </ClCompile>
    <ClCompile Include="UI\private\AssetManager.cpp">
      <Filter>Source Files</Filter>
    </ClCompile>
    <ClCompile Include="UI\btn\private\SliderButton.cpp">
      <Filter>Source Files</Filter>
    </ClCompile>
    <ClCompile Include="_private\AppContext.cpp">
      <Filter>Source Files</Filter>
    </ClCompile>
    <ClCompile Include="UI\private\Focusable.cpp">
      <Filter>Source Files</Filter>
    </ClCompile>
    <ClCompile Include="UI\private\Focus.cpp">
      <Filter>Source Files</Filter>
    </ClCompile>
    <ClCompile Include="UI\btn\private\ClassicButton.cpp">
      <Filter>Source Files</Filter>
    </ClCompile>
  </ItemGroup>
  <ItemGroup>
    <Text Include="TODO.txt" />
  </ItemGroup>
</Project>