<?xml version="1.0" encoding="utf-8"?>
<Project ToolsVersion="4.0" xmlns="http://schemas.microsoft.com/developer/msbuild/2003">
  <ItemGroup>
    <Filter Include="Source Files">
      <UniqueIdentifier>{4FC737F1-C7A5-4376-A066-2A32D752A2FF}</UniqueIdentifier>
      <Extensions>cpp;c;cc;cxx;c++;cppm;ixx;def;odl;idl;hpj;bat;asm;asmx</Extensions>
    </Filter>
    <Filter Include="Header Files">
      <UniqueIdentifier>{93995380-89BD-4b04-88EB-625FBE52EBFB}</UniqueIdentifier>
      <Extensions>h;hh;hpp;hxx;h++;hm;inl;inc;ipp;xsd</Extensions>
    </Filter>
    <Filter Include="Resource Files">
      <UniqueIdentifier>{67DA6AB6-F800-4c08-8B7A-83BB121AAD01}</UniqueIdentifier>
      <Extensions>rc;ico;cur;bmp;dlg;rc2;rct;bin;rgs;gif;jpg;jpeg;jpe;resx;tiff;tif;png;wav;mfcribbon-ms</Extensions>
    </Filter>
  </ItemGroup>
  <ItemGroup>
    <ClInclude Include="Helper\public\Vec2.hpp">
      <Filter>Header Files</Filter>
    </ClInclude>
    <ClInclude Include="Helper\public\HRandom.h">
      <Filter>Header Files</Filter>
    </ClInclude>
    <ClInclude Include="Game\public\SpaceObject.h">
      <Filter>Header Files</Filter>
    </ClInclude>
    <ClInclude Include="Game\public\GroupTarget.h">
      <Filter>Header Files</Filter>
    </ClInclude>
    <ClInclude Include="Game\public\Fleet.h">
      <Filter>Header Files</Filter>
    </ClInclude>
    <ClInclude Include="Game\public\Player.h">
      <Filter>Header Files</Filter>
    </ClInclude>
    <ClInclude Include="Game\public\GameManager.h">
      <Filter>Header Files</Filter>
    </ClInclude>
    <ClInclude Include="Game\public\PlayerType.hpp">
      <Filter>Header Files</Filter>
    </ClInclude>
    <ClInclude Include="Game\public\Galaxy.h">
      <Filter>Header Files</Filter>
    </ClInclude>
    <ClInclude Include="Game\public\Planet.h">
      <Filter>Header Files</Filter>
    </ClInclude>
    <ClInclude Include="UI\Elements\Button\public\Button.h">
      <Filter>Header Files</Filter>
    </ClInclude>
    <ClInclude Include="UI\public\UIElement.hpp">
      <Filter>Header Files</Filter>
    </ClInclude>
    <ClInclude Include="UI\public\UIManager.h">
      <Filter>Header Files</Filter>
    </ClInclude>
    <ClInclude Include="Helper\public\HSoundManager.h">
      <Filter>Header Files</Filter>
    </ClInclude>
    <ClInclude Include="Helper\public\HSoundType.hpp">
      <Filter>Header Files</Filter>
    </ClInclude>
    <ClInclude Include="Events\public\MainEvent.hpp">
      <Filter>Header Files</Filter>
    </ClInclude>
    <ClInclude Include="Events\public\EventManager.hpp">
      <Filter>Header Files</Filter>
    </ClInclude>
    <ClInclude Include="Events\public\UIEvents.hpp">
      <Filter>Header Files</Filter>
    </ClInclude>
    <ClInclude Include="Events\public\EventListener.hpp">
      <Filter>Header Files</Filter>
    </ClInclude>
    <ClInclude Include="_public\AppContext.h">
      <Filter>Header Files</Filter>
    </ClInclude>
    <ClInclude Include="UI\Elements\Default\public\Slider.h">
      <Filter>Header Files</Filter>
    </ClInclude>
    <ClInclude Include="Helper\public\HAssetManager.h">
      <Filter>Header Files</Filter>
    </ClInclude>
    <ClInclude Include="Helper\public\HAssetType.hpp">
      <Filter>Header Files</Filter>
    </ClInclude>
    <ClInclude Include="UI\Elements\Button\public\SliderButton.h">
      <Filter>Header Files</Filter>
    </ClInclude>
    <ClInclude Include="UI\public\Focusable.h">
      <Filter>Header Files</Filter>
    </ClInclude>
    <ClInclude Include="UI\public\Focus.h">
      <Filter>Header Files</Filter>
    </ClInclude>
    <ClInclude Include="UI\Elements\Button\public\ClassicButton.h">
      <Filter>Header Files</Filter>
    </ClInclude>
    <ClInclude Include="UI\Scene\public\Scene.h">
      <Filter>Header Files</Filter>
    </ClInclude>
    <ClInclude Include="UI\public\SceneManager.h">
      <Filter>Header Files</Filter>
    </ClInclude>
    <ClInclude Include="UI\Scene\public\SceneType.hpp">
      <Filter>Header Files</Filter>
    </ClInclude>
    <ClInclude Include="UI\Scene\public\BaseMainScene.h">
      <Filter>Header Files</Filter>
    </ClInclude>
    <ClInclude Include="UI\Elements\Default\public\InputLine.hpp">
      <Filter>Header Files</Filter>
    </ClInclude>
    <ClInclude Include="UI\Elements\PopUp\public\PopUp.h">
      <Filter>Header Files</Filter>
    </ClInclude>
    <ClInclude Include="UI\Elements\PopUp\public\MessagePopUp.h">
      <Filter>Header Files</Filter>
    </ClInclude>
    <ClInclude Include="UI\Scene\Scenes\public\Intro.h">
      <Filter>Header Files</Filter>
    </ClInclude>
    <ClInclude Include="Helper\public\LayeredVector.hpp">
      <Filter>Header Files</Filter>
    </ClInclude>
    <ClInclude Include="UI\Scene\Scenes\public\Logos.h">
      <Filter>Header Files</Filter>
    </ClInclude>
    <ClInclude Include="UI\Elements\Default\public\Text.h">
      <Filter>Header Files</Filter>
    </ClInclude>
    <ClInclude Include="UI\Elements\Default\public\Picture.h">
      <Filter>Header Files</Filter>
    </ClInclude>
    <ClInclude Include="UI\public\Allignment.h">
      <Filter>Header Files</Filter>
    </ClInclude>
    <ClInclude Include="UI\Scene\Scenes\public\MainMenu.h">
      <Filter>Header Files</Filter>
    </ClInclude>
    <ClInclude Include="UI\Scene\Scenes\public\Scenes.hpp">
      <Filter>Header Files</Filter>
    </ClInclude>
    <ClInclude Include="UI\Elements\Default\public\Title.h">
      <Filter>Header Files</Filter>
    </ClInclude>
    <ClInclude Include="Helper\public\HTextProcessing.h">
      <Filter>Header Files</Filter>
    </ClInclude>
    <ClInclude Include="UI\Elements\Table\public\TableCell.hpp">
      <Filter>Header Files</Filter>
    </ClInclude>
    <ClInclude Include="UI\Elements\Table\public\EmptyCell.h">
      <Filter>Header Files</Filter>
    </ClInclude>
    <ClInclude Include="UI\Elements\Table\public\AllCells.hpp">
      <Filter>Header Files</Filter>
    </ClInclude>
    <ClInclude Include="UI\Elements\Table\public\Table.h">
      <Filter>Header Files</Filter>
    </ClInclude>
    <ClInclude Include="UI\Scene\Scenes\public\TestScene.h">
      <Filter>Header Files</Filter>
    </ClInclude>
    <ClInclude Include="UI\Elements\PopUp\public\PrimitiveCellPopUp.hpp">
      <Filter>Header Files</Filter>
    </ClInclude>
    <ClInclude Include="UI\Elements\PopUp\public\CellPopUp.h">
      <Filter>Header Files</Filter>
    </ClInclude>
    <ClInclude Include="UI\Elements\PopUp\public\AllPopUp.hpp">
      <Filter>Header Files</Filter>
    </ClInclude>
    <ClInclude Include="UI\Elements\ColorPicker\public\ColorPicker.h">
      <Filter>Header Files</Filter>
    </ClInclude>
    <ClInclude Include="UI\Elements\ColorPicker\public\ColorPickerCell.h">
      <Filter>Header Files</Filter>
    </ClInclude>
    <ClInclude Include="Helper\public\HGeneral.h">
      <Filter>Header Files</Filter>
    </ClInclude>
    <ClInclude Include="UI\Elements\PopUp\public\ColorCellPopUp.h">
      <Filter>Header Files</Filter>
    </ClInclude>
    <ClInclude Include="UI\Scene\Scenes\public\NewGamePlayer.h">
      <Filter>Header Files</Filter>
    </ClInclude>
    <ClInclude Include="UI\Elements\Default\public\Line.h">
      <Filter>Header Files</Filter>
    </ClInclude>
    <ClInclude Include="Constants\public\CTextProcecing.hpp">
      <Filter>Header Files</Filter>
    </ClInclude>
    <ClInclude Include="UI\public\PopUpManager.h">
      <Filter>Header Files</Filter>
    </ClInclude>
    <ClInclude Include="Helper\public\HPlayerCollection.h">
      <Filter>Header Files</Filter>
    </ClInclude>
    <ClInclude Include="Events\public\GenerelEvents.hpp">
      <Filter>Header Files</Filter>
    </ClInclude>
    <ClInclude Include="UI\Elements\PopUp\public\DeletePlayerPopUp.h">
      <Filter>Header Files</Filter>
    </ClInclude>
    <ClInclude Include="UI\Elements\Table\public\AbstractTableCell.h">
      <Filter>Header Files</Filter>
    </ClInclude>
    <ClInclude Include="Helper\public\HPlayerData.hpp">
      <Filter>Header Files</Filter>
    </ClInclude>
    <ClInclude Include="Helper\public\HColors.h">
      <Filter>Header Files</Filter>
    </ClInclude>
    <ClInclude Include="Helper\public\HFocusEvents.h">
      <Filter>Header Files</Filter>
    </ClInclude>
    <ClInclude Include="UI\Elements\Default\public\CheckBox.h">
      <Filter>Header Files</Filter>
    </ClInclude>
    <ClInclude Include="Helper\public\HInput.h">
      <Filter>Header Files</Filter>
    </ClInclude>
    <ClInclude Include="UI\Scene\Scenes\public\GameEventSettings.h">
      <Filter>Header Files</Filter>
    </ClInclude>
    <ClInclude Include="Helper\public\GameEventTypes.hpp">
      <Filter>Header Files</Filter>
    </ClInclude>
    <ClInclude Include="UI\Scene\Scenes\public\SliderAndInputLine.h">
      <Filter>Header Files</Filter>
    </ClInclude>
    <ClInclude Include="Constants\public\CConstants.hpp">
      <Filter>Header Files</Filter>
    </ClInclude>
    <ClInclude Include="Constants\public\CPlayer.hpp">
      <Filter>Header Files</Filter>
    </ClInclude>
    <ClInclude Include="Constants\public\CWorld.hpp">
      <Filter>Header Files</Filter>
    </ClInclude>
    <ClInclude Include="Constants\public\ConfigIO.h">
      <Filter>Header Files</Filter>
    </ClInclude>
    <ClInclude Include="Constants\public\CFiles.hpp">
      <Filter>Header Files</Filter>
    </ClInclude>
    <ClInclude Include="Constants\public\CGlobal.hpp">
      <Filter>Header Files</Filter>
    </ClInclude>
    <ClInclude Include="Constants\public\Sound.hpp">
      <Filter>Header Files</Filter>
    </ClInclude>
  </ItemGroup>
  <ItemGroup>
    <ClCompile Include="Helper\private\HRandom.cpp">
      <Filter>Source Files</Filter>
    </ClCompile>
    <ClCompile Include="_private\Main.cpp">
      <Filter>Source Files</Filter>
    </ClCompile>
    <ClCompile Include="Game\private\SpaceObject.cpp">
      <Filter>Source Files</Filter>
    </ClCompile>
    <ClCompile Include="Game\private\GroupTarget.cpp">
      <Filter>Source Files</Filter>
    </ClCompile>
    <ClCompile Include="Game\private\Fleet.cpp">
      <Filter>Source Files</Filter>
    </ClCompile>
    <ClCompile Include="Game\private\Player.cpp">
      <Filter>Source Files</Filter>
    </ClCompile>
    <ClCompile Include="Game\private\GameManager.cpp">
      <Filter>Source Files</Filter>
    </ClCompile>
    <ClCompile Include="Game\private\Galaxy.cpp">
      <Filter>Source Files</Filter>
    </ClCompile>
    <ClCompile Include="Game\private\Planet.cpp">
      <Filter>Source Files</Filter>
    </ClCompile>
    <ClCompile Include="UI\Elements\Button\private\Button.cpp">
      <Filter>Source Files</Filter>
    </ClCompile>
    <ClCompile Include="UI\private\UIManager.cpp">
      <Filter>Source Files</Filter>
    </ClCompile>
    <ClCompile Include="Helper\private\HSoundManager.cpp">
      <Filter>Source Files</Filter>
    </ClCompile>
    <ClCompile Include="UI\Elements\Default\private\Slider.cpp">
      <Filter>Source Files</Filter>
    </ClCompile>
    <ClCompile Include="Helper\private\HAssetManager.cpp">
      <Filter>Source Files</Filter>
    </ClCompile>
    <ClCompile Include="UI\Elements\Button\private\SliderButton.cpp">
      <Filter>Source Files</Filter>
    </ClCompile>
    <ClCompile Include="_private\AppContext.cpp">
      <Filter>Source Files</Filter>
    </ClCompile>
    <ClCompile Include="UI\private\Focusable.cpp">
      <Filter>Source Files</Filter>
    </ClCompile>
    <ClCompile Include="UI\private\Focus.cpp">
      <Filter>Source Files</Filter>
    </ClCompile>
    <ClCompile Include="UI\Elements\Button\private\ClassicButton.cpp">
      <Filter>Source Files</Filter>
    </ClCompile>
    <ClCompile Include="UI\Scene\private\Scene.cpp">
      <Filter>Source Files</Filter>
    </ClCompile>
    <ClCompile Include="UI\private\SceneManager.cpp">
      <Filter>Source Files</Filter>
    </ClCompile>
    <ClCompile Include="UI\Scene\private\BaseMainScene.cpp">
      <Filter>Source Files</Filter>
    </ClCompile>
    <ClCompile Include="UI\Elements\PopUp\private\PopUp.cpp">
      <Filter>Source Files</Filter>
    </ClCompile>
    <ClCompile Include="UI\Elements\PopUp\private\MessagePopUp.cpp">
      <Filter>Source Files</Filter>
    </ClCompile>
    <ClCompile Include="UI\Scene\Scenes\private\Intro.cpp">
      <Filter>Source Files</Filter>
    </ClCompile>
    <ClCompile Include="UI\Scene\Scenes\private\Logos.cpp">
      <Filter>Source Files</Filter>
    </ClCompile>
    <ClCompile Include="UI\Elements\Default\private\Text.cpp">
      <Filter>Source Files</Filter>
    </ClCompile>
    <ClCompile Include="UI\Elements\Default\private\Picture.cpp">
      <Filter>Source Files</Filter>
    </ClCompile>
    <ClCompile Include="UI\private\Allignment.cpp">
      <Filter>Source Files</Filter>
    </ClCompile>
    <ClCompile Include="UI\Scene\Scenes\private\MainMenu.cpp">
      <Filter>Source Files</Filter>
    </ClCompile>
    <ClCompile Include="UI\Elements\Default\private\Title.cpp">
      <Filter>Source Files</Filter>
    </ClCompile>
    <ClCompile Include="Helper\private\HTextProcessing.cpp">
      <Filter>Source Files</Filter>
    </ClCompile>
    <ClCompile Include="UI\Elements\Table\private\EmptyCell.cpp">
      <Filter>Source Files</Filter>
    </ClCompile>
    <ClCompile Include="UI\Elements\Table\private\Table.cpp">
      <Filter>Source Files</Filter>
    </ClCompile>
    <ClCompile Include="UI\Scene\Scenes\private\TestScene.cpp">
      <Filter>Source Files</Filter>
    </ClCompile>
    <ClCompile Include="UI\Elements\ColorPicker\private\ColorPicker.cpp">
      <Filter>Source Files</Filter>
    </ClCompile>
    <ClCompile Include="UI\Elements\ColorPicker\private\ColorPickerCell.cpp">
      <Filter>Source Files</Filter>
    </ClCompile>
    <ClCompile Include="UI\Elements\PopUp\private\ColorCellPopUp.cpp">
      <Filter>Source Files</Filter>
    </ClCompile>
    <ClCompile Include="Helper\private\HGeneral.cpp">
      <Filter>Source Files</Filter>
    </ClCompile>
    <ClCompile Include="UI\Elements\PopUp\private\CellPopUp.cpp">
      <Filter>Source Files</Filter>
    </ClCompile>
    <ClCompile Include="UI\Scene\Scenes\private\NewGamePlayer.cpp">
      <Filter>Source Files</Filter>
    </ClCompile>
    <ClCompile Include="UI\Elements\Default\private\Line.cpp">
      <Filter>Source Files</Filter>
    </ClCompile>
    <ClCompile Include="UI\private\PopUpManager.cpp">
      <Filter>Source Files</Filter>
    </ClCompile>
    <ClCompile Include="Helper\private\HPlayerCollection.cpp">
      <Filter>Source Files</Filter>
    </ClCompile>
    <ClCompile Include="UI\Elements\PopUp\private\DeletePlayerPopUp.cpp">
      <Filter>Source Files</Filter>
    </ClCompile>
    <ClCompile Include="UI\Elements\Table\private\AbstractTableCell.cpp">
      <Filter>Source Files</Filter>
    </ClCompile>
    <ClCompile Include="Helper\private\HColors.cpp">
      <Filter>Source Files</Filter>
    </ClCompile>
    <ClCompile Include="Helper\private\HFocusEvents.cpp">
      <Filter>Source Files</Filter>
    </ClCompile>
    <ClCompile Include="UI\Elements\Default\private\CheckBox.cpp">
      <Filter>Source Files</Filter>
    </ClCompile>
    <ClCompile Include="Helper\private\HInput.cpp">
      <Filter>Source Files</Filter>
    </ClCompile>
    <ClCompile Include="UI\Scene\Scenes\private\GameEventSettings.cpp">
      <Filter>Source Files</Filter>
    </ClCompile>
    <ClCompile Include="UI\Scene\Scenes\private\SliderAndInputLine.cpp">
      <Filter>Source Files</Filter>
    </ClCompile>
    <ClCompile Include="Constants\private\ConfigIO.cpp">
      <Filter>Source Files</Filter>
    </ClCompile>
  </ItemGroup>
  <ItemGroup>
    <Text Include="Assets\title.txt" />
  </ItemGroup>
  <ItemGroup>
    <None Include="Saves\config.tac" />
    <None Include="Saves\testCondig.tac" />
  </ItemGroup>
</Project>